
Microsoft Visual Studio Solution File, Format Version 12.00
# Visual Studio 15
VisualStudioVersion = 15.0.27130.2003
MinimumVisualStudioVersion = 10.0.40219.1
Project("{FAE04EC0-301F-11D3-BF4B-00C04F79EFBC}") = "BankApp", "BankApp\BankApp.csproj", "{93260D7D-068F-4BAB-B776-C596F61F6953}"
EndProject
Project("{FAE04EC0-301F-11D3-BF4B-00C04F79EFBC}") = "BankUI", "BankUI\BankUI.csproj", "{F12E0C16-169C-4310-A6C4-CB4E962ACB0C}"
EndProject
Project("{FAE04EC0-301F-11D3-BF4B-00C04F79EFBC}") = "BankUI.Tests", "BankUI.Tests\BankUI.Tests.csproj", "{C9337050-F02F-44B4-B0CC-4B3D48726FDD}"
EndProject
Global
	GlobalSection(SolutionConfigurationPlatforms) = preSolution
		Debug|Any CPU = Debug|Any CPU
		Release|Any CPU = Release|Any CPU
	EndGlobalSection
	GlobalSection(ProjectConfigurationPlatforms) = postSolution
		{93260D7D-068F-4BAB-B776-C596F61F6953}.Debug|Any CPU.ActiveCfg = Debug|Any CPU
		{93260D7D-068F-4BAB-B776-C596F61F6953}.Debug|Any CPU.Build.0 = Debug|Any CPU
		{93260D7D-068F-4BAB-B776-C596F61F6953}.Release|Any CPU.ActiveCfg = Release|Any CPU
		{93260D7D-068F-4BAB-B776-C596F61F6953}.Release|Any CPU.Build.0 = Release|Any CPU
		{F12E0C16-169C-4310-A6C4-CB4E962ACB0C}.Debug|Any CPU.ActiveCfg = Debug|Any CPU
		{F12E0C16-169C-4310-A6C4-CB4E962ACB0C}.Debug|Any CPU.Build.0 = Debug|Any CPU
		{F12E0C16-169C-4310-A6C4-CB4E962ACB0C}.Release|Any CPU.ActiveCfg = Release|Any CPU
		{F12E0C16-169C-4310-A6C4-CB4E962ACB0C}.Release|Any CPU.Build.0 = Release|Any CPU
		{C9337050-F02F-44B4-B0CC-4B3D48726FDD}.Debug|Any CPU.ActiveCfg = Debug|Any CPU
		{C9337050-F02F-44B4-B0CC-4B3D48726FDD}.Debug|Any CPU.Build.0 = Debug|Any CPU
		{C9337050-F02F-44B4-B0CC-4B3D48726FDD}.Release|Any CPU.ActiveCfg = Release|Any CPU
		{C9337050-F02F-44B4-B0CC-4B3D48726FDD}.Release|Any CPU.Build.0 = Release|Any CPU
	EndGlobalSection
	GlobalSection(SolutionProperties) = preSolution
		HideSolutionNode = FALSE
	EndGlobalSection
	GlobalSection(ExtensibilityGlobals) = postSolution
		SolutionGuid = {7A5B239B-9618-4860-AEE6-8AD2036BE929}
	EndGlobalSection
EndGlobal
